
Microsoft Visual Studio Solution File, Format Version 12.00
# Visual Studio Version 17
VisualStudioVersion = 17.14.36518.9 d17.14
MinimumVisualStudioVersion = 10.0.40219.1
Project("{FAE04EC0-301F-11D3-BF4B-00C04F79EFBC}") = "SistemaDeGestionDeTareas", "SistemaDeGestionDeTareas\SistemaDeGestionDeTareas.csproj", "{3C310051-0EBA-4227-843E-12D5E422ECB0}"
EndProject
Project("{FAE04EC0-301F-11D3-BF4B-00C04F79EFBC}") = "Dominio", "Dominio\Dominio.csproj", "{774068E8-2D1C-4AB0-A3CA-A057DE2CB7D3}"
EndProject
Project("{FAE04EC0-301F-11D3-BF4B-00C04F79EFBC}") = "Infraestructura", "Infraestructura\Infraestructura.csproj", "{4BF49D13-F858-4F74-8D8A-5DDA08B1F29E}"
EndProject
Project("{FAE04EC0-301F-11D3-BF4B-00C04F79EFBC}") = "UI", "UI\UI.csproj", "{5074E9AD-6385-4C51-A8C0-B297DA7B962B}"
EndProject
Project("{FAE04EC0-301F-11D3-BF4B-00C04F79EFBC}") = "Negocio", "Negocio\Negocio.csproj", "{EAF8E003-7E57-41C5-9519-3082341E4093}"
EndProject
Global
	GlobalSection(SolutionConfigurationPlatforms) = preSolution
		Debug|Any CPU = Debug|Any CPU
		Release|Any CPU = Release|Any CPU
	EndGlobalSection
	GlobalSection(ProjectConfigurationPlatforms) = postSolution
		{3C310051-0EBA-4227-843E-12D5E422ECB0}.Debug|Any CPU.ActiveCfg = Debug|Any CPU
		{3C310051-0EBA-4227-843E-12D5E422ECB0}.Debug|Any CPU.Build.0 = Debug|Any CPU
		{3C310051-0EBA-4227-843E-12D5E422ECB0}.Release|Any CPU.ActiveCfg = Release|Any CPU
		{3C310051-0EBA-4227-843E-12D5E422ECB0}.Release|Any CPU.Build.0 = Release|Any CPU
		{774068E8-2D1C-4AB0-A3CA-A057DE2CB7D3}.Debug|Any CPU.ActiveCfg = Debug|Any CPU
		{774068E8-2D1C-4AB0-A3CA-A057DE2CB7D3}.Debug|Any CPU.Build.0 = Debug|Any CPU
		{774068E8-2D1C-4AB0-A3CA-A057DE2CB7D3}.Release|Any CPU.ActiveCfg = Release|Any CPU
		{774068E8-2D1C-4AB0-A3CA-A057DE2CB7D3}.Release|Any CPU.Build.0 = Release|Any CPU
		{4BF49D13-F858-4F74-8D8A-5DDA08B1F29E}.Debug|Any CPU.ActiveCfg = Debug|Any CPU
		{4BF49D13-F858-4F74-8D8A-5DDA08B1F29E}.Debug|Any CPU.Build.0 = Debug|Any CPU
		{4BF49D13-F858-4F74-8D8A-5DDA08B1F29E}.Release|Any CPU.ActiveCfg = Release|Any CPU
		{4BF49D13-F858-4F74-8D8A-5DDA08B1F29E}.Release|Any CPU.Build.0 = Release|Any CPU
		{5074E9AD-6385-4C51-A8C0-B297DA7B962B}.Debug|Any CPU.ActiveCfg = Debug|Any CPU
		{5074E9AD-6385-4C51-A8C0-B297DA7B962B}.Debug|Any CPU.Build.0 = Debug|Any CPU
		{5074E9AD-6385-4C51-A8C0-B297DA7B962B}.Release|Any CPU.ActiveCfg = Release|Any CPU
		{5074E9AD-6385-4C51-A8C0-B297DA7B962B}.Release|Any CPU.Build.0 = Release|Any CPU
		{EAF8E003-7E57-41C5-9519-3082341E4093}.Debug|Any CPU.ActiveCfg = Debug|Any CPU
		{EAF8E003-7E57-41C5-9519-3082341E4093}.Debug|Any CPU.Build.0 = Debug|Any CPU
		{EAF8E003-7E57-41C5-9519-3082341E4093}.Release|Any CPU.ActiveCfg = Release|Any CPU
		{EAF8E003-7E57-41C5-9519-3082341E4093}.Release|Any CPU.Build.0 = Release|Any CPU
	EndGlobalSection
	GlobalSection(SolutionProperties) = preSolution
		HideSolutionNode = FALSE
	EndGlobalSection
	GlobalSection(ExtensibilityGlobals) = postSolution
		SolutionGuid = {98ECF9A5-802E-463F-9D06-2436E94F564B}
	EndGlobalSection
EndGlobal
